
Microsoft Visual Studio Solution File, Format Version 12.00
# Visual Studio Version 17
VisualStudioVersion = 17.5.002.0
MinimumVisualStudioVersion = 10.0.40219.1
Project("{9A19103F-16F7-4668-BE54-9A1E7A4F7556}") = "BasicApp", "BasicApp.csproj", "{4C41DA5C-CBB1-4F89-865C-0FC0DCE806B9}"
EndProject
Global
	GlobalSection(SolutionConfigurationPlatforms) = preSolution
		Debug|Any CPU = Debug|Any CPU
		Release|Any CPU = Release|Any CPU
	EndGlobalSection
	GlobalSection(ProjectConfigurationPlatforms) = postSolution
		{4C41DA5C-CBB1-4F89-865C-0FC0DCE806B9}.Debug|Any CPU.ActiveCfg = Debug|Any CPU
		{4C41DA5C-CBB1-4F89-865C-0FC0DCE806B9}.Debug|Any CPU.Build.0 = Debug|Any CPU
		{4C41DA5C-CBB1-4F89-865C-0FC0DCE806B9}.Release|Any CPU.ActiveCfg = Release|Any CPU
		{4C41DA5C-CBB1-4F89-865C-0FC0DCE806B9}.Release|Any CPU.Build.0 = Release|Any CPU
	EndGlobalSection
	GlobalSection(SolutionProperties) = preSolution
		HideSolutionNode = FALSE
	EndGlobalSection
	GlobalSection(ExtensibilityGlobals) = postSolution
		SolutionGuid = {4106E980-7155-4AFB-845B-EB26C760DC28}
	EndGlobalSection
EndGlobal
